
Microsoft Visual Studio Solution File, Format Version 12.00
# Visual Studio Version 17
VisualStudioVersion = 17.4.33213.308
MinimumVisualStudioVersion = 10.0.40219.1
Project("{8BC9CEB8-8B4A-11D0-8D11-00A0C91BC942}") = "MergeDinamico", "MergeDinamico\MergeDinamico.vcxproj", "{5AC9D1CD-C79F-4FCC-BF52-FFCC7114C886}"
EndProject
Global
	GlobalSection(SolutionConfigurationPlatforms) = preSolution
		Debug|x64 = Debug|x64
		Debug|x86 = Debug|x86
		Release|x64 = Release|x64
		Release|x86 = Release|x86
	EndGlobalSection
	GlobalSection(ProjectConfigurationPlatforms) = postSolution
		{5AC9D1CD-C79F-4FCC-BF52-FFCC7114C886}.Debug|x64.ActiveCfg = Debug|x64
		{5AC9D1CD-C79F-4FCC-BF52-FFCC7114C886}.Debug|x64.Build.0 = Debug|x64
		{5AC9D1CD-C79F-4FCC-BF52-FFCC7114C886}.Debug|x86.ActiveCfg = Debug|Win32
		{5AC9D1CD-C79F-4FCC-BF52-FFCC7114C886}.Debug|x86.Build.0 = Debug|Win32
		{5AC9D1CD-C79F-4FCC-BF52-FFCC7114C886}.Release|x64.ActiveCfg = Release|x64
		{5AC9D1CD-C79F-4FCC-BF52-FFCC7114C886}.Release|x64.Build.0 = Release|x64
		{5AC9D1CD-C79F-4FCC-BF52-FFCC7114C886}.Release|x86.ActiveCfg = Release|Win32
		{5AC9D1CD-C79F-4FCC-BF52-FFCC7114C886}.Release|x86.Build.0 = Release|Win32
	EndGlobalSection
	GlobalSection(SolutionProperties) = preSolution
		HideSolutionNode = FALSE
	EndGlobalSection
	GlobalSection(ExtensibilityGlobals) = postSolution
		SolutionGuid = {2614050A-C9BE-4E83-958D-C617C2FFAA74}
	EndGlobalSection
EndGlobal
